{
  "version": 1,
  "dependencies": {
    "net7.0": {
      "FSharp.Core": {
        "type": "Direct",
        "requested": "[7.0.300, )",
        "resolved": "7.0.300",
        "contentHash": "8vvItREJ1l5lcp3vBCSJ1mFevVAhR48I34DuF/EoUa7o1KlFpQpagyuZkVYMAsHPIjdp47ZxM9sI4eqeXaeWkA=="
      },
      "FSharpPlus": {
        "type": "Direct",
        "requested": "[1.4.1, )",
        "resolved": "1.4.1",
        "contentHash": "LIIWzVytD3cHx4CG95oTWdQx2dwjWeoseZrN6h/2rXeE5bZ7vtBBojAg0iMIMi1I27BHkFlQsNEg/4kDs1kZKA==",
        "dependencies": {
          "FSharp.Core": "6.0.6"
        }
      }
    }
  }
}