{
  "version": 1,
  "dependencies": {
    "net6.0": {
      "Discord.Net": {
        "type": "Direct",
        "requested": "[3.10.0, )",
        "resolved": "3.10.0",
        "contentHash": "X5V2lM8YO3Vf1oqxmL1/zSAOKmIZ7AAlxbpgdelQlCKXWZSJeEadLqxQRLCa/z6VsK+btdfNHZFxeQjqYPQ9mQ==",
        "dependencies": {
          "Discord.Net.Commands": "3.10.0",
          "Discord.Net.Core": "3.10.0",
          "Discord.Net.Interactions": "3.10.0",
          "Discord.Net.Rest": "3.10.0",
          "Discord.Net.WebSocket": "3.10.0",
          "Discord.Net.Webhook": "3.10.0"
        }
      },
      "FSharp.Core": {
        "type": "Direct",
        "requested": "[6.0.7, )",
        "resolved": "6.0.7",
        "contentHash": "e6wGrq5smV3Yk2fBE/Y0nBG5oFyF59k5Je0a0QDydUpg6liyaafGjD3xvutciKepCP2knspZ/sWViC/F1OyyQQ=="
      },
      "Discord.Net.Commands": {
        "type": "Transitive",
        "resolved": "3.10.0",
        "contentHash": "/DpV2H+PkOtypV6csIdp6NSqhxuDnyS25gcteaDpbwceMwCxmaveTiycUmPxbqgjKADzNx4qszoxShwQGoXalg==",
        "dependencies": {
          "Discord.Net.Core": "3.10.0"
        }
      },
      "Discord.Net.Core": {
        "type": "Transitive",
        "resolved": "3.10.0",
        "contentHash": "GnsLmSYDShws23rqzdf6aOwIG70cqYUHY7i2cFdj3YVz/c8OelsbLndnFvkg6yELcy7aD60NSHyYZ5oMsgDavA==",
        "dependencies": {
          "Newtonsoft.Json": "13.0.2",
          "System.Collections.Immutable": "5.0.0",
          "System.Interactive.Async": "5.0.0",
          "System.ValueTuple": "4.5.0"
        }
      },
      "Discord.Net.Interactions": {
        "type": "Transitive",
        "resolved": "3.10.0",
        "contentHash": "9IrJQ1kV6wmUHijUtfv4yA6+YlTxD0UyJV8mRaGN4CjahC5a5LGIwSj6MnUiz2Zgh0CPQIGGOB55K1Ovu13jjg==",
        "dependencies": {
          "Discord.Net.Core": "3.10.0",
          "Discord.Net.Rest": "3.10.0",
          "Discord.Net.WebSocket": "3.10.0",
          "Microsoft.Extensions.DependencyInjection.Abstractions": "5.0.0",
          "System.Collections.Immutable": "5.0.0",
          "System.Reactive": "5.0.0"
        }
      },
      "Discord.Net.Rest": {
        "type": "Transitive",
        "resolved": "3.10.0",
        "contentHash": "N2nlOCoZCTyQbDlwqDKcqknOgwAbeJgy2r9DAUNsNxcO763ru67WK3GxkA7V7QgZ80RU9rLB3fr9jvjJ14pUBA==",
        "dependencies": {
          "Discord.Net.Core": "3.10.0"
        }
      },
      "Discord.Net.Webhook": {
        "type": "Transitive",
        "resolved": "3.10.0",
        "contentHash": "1rZFNpsK7b34SQmtnwa/jm8E1aIkoaBA1GzPM1hDGC/NX1q9fxoF7CEyeiC1ExDz+WVBp8JBCwEfAr7Qx63/LA==",
        "dependencies": {
          "Discord.Net.Core": "3.10.0",
          "Discord.Net.Rest": "3.10.0"
        }
      },
      "Discord.Net.WebSocket": {
        "type": "Transitive",
        "resolved": "3.10.0",
        "contentHash": "pA581o5JoAAFlintQEeDncIr99WHZOWzwnZWLuPiSW4BmFjG/oYf8F6C60Ob/5w1C1QB0k72NLgh8mEwnTCI5Q==",
        "dependencies": {
          "Discord.Net.Core": "3.10.0",
          "Discord.Net.Rest": "3.10.0"
        }
      },
      "Microsoft.Extensions.DependencyInjection.Abstractions": {
        "type": "Transitive",
        "resolved": "5.0.0",
        "contentHash": "ORj7Zh81gC69TyvmcUm9tSzytcy8AVousi+IVRAI8nLieQjOFryRusSFh7+aLk16FN9pQNqJAiMd7BTKINK0kA=="
      },
      "Newtonsoft.Json": {
        "type": "Transitive",
        "resolved": "13.0.2",
        "contentHash": "R2pZ3B0UjeyHShm9vG+Tu0EBb2lC8b0dFzV9gVn50ofHXh9Smjk6kTn7A/FdAsC8B5cKib1OnGYOXxRBz5XQDg=="
      },
      "System.Collections.Immutable": {
        "type": "Transitive",
        "resolved": "5.0.0",
        "contentHash": "FXkLXiK0sVVewcso0imKQoOxjoPAj42R8HtjjbSjVPAzwDfzoyoznWxgA3c38LDbN9SJux1xXoXYAhz98j7r2g=="
      },
      "System.Interactive.Async": {
        "type": "Transitive",
        "resolved": "5.0.0",
        "contentHash": "QaqhQVDiULcu4vm6o89+iP329HcK44cETHOYgy/jfEjtzeFy0ZxmuM7nel9ocjnKxEM4yh1mli7hgh8Q9o+/Iw==",
        "dependencies": {
          "System.Linq.Async": "5.0.0"
        }
      },
      "System.Linq.Async": {
        "type": "Transitive",
        "resolved": "5.0.0",
        "contentHash": "cPtIuuH8TIjVHSi2ewwReWGW1PfChPE0LxPIDlfwVcLuTM9GANFTXiMB7k3aC4sk3f0cQU25LNKzx+jZMxijqw=="
      },
      "System.Reactive": {
        "type": "Transitive",
        "resolved": "5.0.0",
        "contentHash": "erBZjkQHWL9jpasCE/0qKAryzVBJFxGHVBAvgRN1bzM0q2s1S4oYREEEL0Vb+1kA/6BKb5FjUZMp5VXmy+gzkQ=="
      },
      "System.ValueTuple": {
        "type": "Transitive",
        "resolved": "4.5.0",
        "contentHash": "okurQJO6NRE/apDIP23ajJ0hpiNmJ+f0BwOlB/cSqTLQlw5upkf+5+96+iG2Jw40G1fCVCyPz/FhIABUjMR+RQ=="
      }
    }
  }
}